
Microsoft Visual Studio Solution File, Format Version 12.00
# Visual Studio Version 16
VisualStudioVersion = 16.0.29306.81
MinimumVisualStudioVersion = 10.0.40219.1
Project("{FAE04EC0-301F-11D3-BF4B-00C04F79EFBC}") = "BreezyViewApartments", "BreezyViewApartments\BreezyViewApartments.csproj", "{6A3D6C77-790B-4C89-B02D-D6A70C166359}"
EndProject
Global
	GlobalSection(SolutionConfigurationPlatforms) = preSolution
		Debug|Any CPU = Debug|Any CPU
		Release|Any CPU = Release|Any CPU
	EndGlobalSection
	GlobalSection(ProjectConfigurationPlatforms) = postSolution
		{6A3D6C77-790B-4C89-B02D-D6A70C166359}.Debug|Any CPU.ActiveCfg = Debug|Any CPU
		{6A3D6C77-790B-4C89-B02D-D6A70C166359}.Debug|Any CPU.Build.0 = Debug|Any CPU
		{6A3D6C77-790B-4C89-B02D-D6A70C166359}.Release|Any CPU.ActiveCfg = Release|Any CPU
		{6A3D6C77-790B-4C89-B02D-D6A70C166359}.Release|Any CPU.Build.0 = Release|Any CPU
	EndGlobalSection
	GlobalSection(SolutionProperties) = preSolution
		HideSolutionNode = FALSE
	EndGlobalSection
	GlobalSection(ExtensibilityGlobals) = postSolution
		SolutionGuid = {3DD51186-DE7B-4105-93CB-95E90E9C4F6E}
	EndGlobalSection
EndGlobal
